
Microsoft Visual Studio Solution File, Format Version 12.00
# Visual Studio Version 16
VisualStudioVersion = 16.0.31321.278
MinimumVisualStudioVersion = 10.0.40219.1
Project("{FAE04EC0-301F-11D3-BF4B-00C04F79EFBC}") = "RandomCouponCode", "RandomCouponCode\RandomCouponCode.csproj", "{169D36B9-1972-4889-8881-ACD44278CDAA}"
EndProject
Global
	GlobalSection(SolutionConfigurationPlatforms) = preSolution
		Debug|Any CPU = Debug|Any CPU
		Release|Any CPU = Release|Any CPU
	EndGlobalSection
	GlobalSection(ProjectConfigurationPlatforms) = postSolution
		{169D36B9-1972-4889-8881-ACD44278CDAA}.Debug|Any CPU.ActiveCfg = Debug|Any CPU
		{169D36B9-1972-4889-8881-ACD44278CDAA}.Debug|Any CPU.Build.0 = Debug|Any CPU
		{169D36B9-1972-4889-8881-ACD44278CDAA}.Release|Any CPU.ActiveCfg = Release|Any CPU
		{169D36B9-1972-4889-8881-ACD44278CDAA}.Release|Any CPU.Build.0 = Release|Any CPU
	EndGlobalSection
	GlobalSection(SolutionProperties) = preSolution
		HideSolutionNode = FALSE
	EndGlobalSection
	GlobalSection(ExtensibilityGlobals) = postSolution
		SolutionGuid = {BCE8B243-5AF6-45AE-B7FC-3B39DD1401A0}
	EndGlobalSection
EndGlobal
